<?xml version="1.0"?>
<CONFIG>
  <ProjectOptions>
    <Version Value="9"/>
    <General>
      <Flags>
        <LRSInOutputDirectory Value="False"/>
      </Flags>
      <MainUnit Value="0"/>
      <Title Value="Heat Wizard"/>
      <ActiveWindowIndexAtStart Value="0"/>
    </General>
    <i18n>
      <OutDir Value="languages"/>
    </i18n>
    <VersionInfo>
      <UseVersionInfo Value="True"/>
      <MinorVersionNr Value="1"/>
      <StringTable LegalCopyright="GPL v3"/>
    </VersionInfo>
    <BuildModes Count="1">
      <Item1 Name="default" Default="True"/>
    </BuildModes>
    <PublishOptions>
      <Version Value="2"/>
      <IgnoreBinaries Value="False"/>
      <IncludeFileFilter Value="*.(pas|pp|inc|lfm|lpr|lrs|lpi|lpk|sh|xml)"/>
      <ExcludeFileFilter Value="*.(bak|ppu|ppw|o|so);*~;backup"/>
    </PublishOptions>
    <RunParams>
      <local>
        <FormatVersion Value="1"/>
        <LaunchingApplication PathPlusParams="/usr/X11R6/bin/xterm -T 'Lazarus Run Output' -e $(LazarusDir)/tools/runwait.sh $(TargetCmdLine)"/>
      </local>
    </RunParams>
    <RequiredPackages Count="1">
      <Item1>
        <PackageName Value="FCL"/>
        <MinVersion Major="1" Valid="True"/>
      </Item1>
    </RequiredPackages>
    <Units Count="32">
      <Unit0>
        <Filename Value="HeatWizard.lpr"/>
        <IsPartOfProject Value="True"/>
        <EditorIndex Value="6"/>
        <WindowIndex Value="0"/>
        <TopLine Value="1"/>
        <CursorPos X="1" Y="1"/>
        <UsageCount Value="208"/>
        <Loaded Value="True"/>
        <LoadedDesigner Value="True"/>
      </Unit0>
      <Unit1>
        <Filename Value="HeatWizardPanel.pas"/>
        <IsPartOfProject Value="True"/>
        <ComponentName Value="MainForm"/>
        <ResourceBaseClass Value="Form"/>
        <UnitName Value="HeatWizardPanel"/>
        <EditorIndex Value="7"/>
        <WindowIndex Value="0"/>
        <TopLine Value="528"/>
        <CursorPos X="1" Y="549"/>
        <UsageCount Value="208"/>
        <Loaded Value="True"/>
        <LoadedDesigner Value="True"/>
      </Unit1>
      <Unit2>
        <Filename Value="usr/local/share/lazarus/lcl/lresources.pp"/>
        <UnitName Value="LResources"/>
        <TopLine Value="2844"/>
        <CursorPos X="32" Y="2857"/>
        <UsageCount Value="9"/>
      </Unit2>
      <Unit3>
        <Filename Value="languages/heatwizard.de.po"/>
        <IsPartOfProject Value="True"/>
        <TopLine Value="21"/>
        <CursorPos X="45" Y="36"/>
        <SyntaxHighlighter Value="None"/>
        <UsageCount Value="222"/>
        <Bookmarks Count="1">
          <Item0 X="20" Y="23" ID="7"/>
        </Bookmarks>
      </Unit3>
      <Unit4>
        <Filename Value="languages/heatwizard.en.po"/>
        <IsPartOfProject Value="True"/>
        <TopLine Value="20"/>
        <CursorPos X="45" Y="35"/>
        <SyntaxHighlighter Value="None"/>
        <UsageCount Value="222"/>
      </Unit4>
      <Unit5>
        <Filename Value="UTranslation.pas"/>
        <UnitName Value="UTranslation"/>
        <TopLine Value="3"/>
        <CursorPos X="57" Y="5"/>
        <UsageCount Value="6"/>
      </Unit5>
      <Unit6>
        <Filename Value="languages/UAbout.pas"/>
        <ComponentName Value="AboutForm"/>
        <ResourceBaseClass Value="Form"/>
        <UnitName Value="UAbout"/>
        <TopLine Value="1"/>
        <CursorPos X="40" Y="9"/>
        <UsageCount Value="6"/>
      </Unit6>
      <Unit7>
        <Filename Value="languages/UPreferences.pas"/>
        <ComponentName Value="PreferencesForm"/>
        <ResourceBaseClass Value="Form"/>
        <UnitName Value="UPreferences"/>
        <TopLine Value="11"/>
        <CursorPos X="36" Y="14"/>
        <UsageCount Value="5"/>
      </Unit7>
      <Unit8>
        <Filename Value="UAbout.pas"/>
        <IsPartOfProject Value="True"/>
        <ComponentName Value="AboutForm"/>
        <HasResources Value="True"/>
        <ResourceBaseClass Value="Form"/>
        <UnitName Value="UAbout"/>
        <EditorIndex Value="2"/>
        <WindowIndex Value="0"/>
        <TopLine Value="1"/>
        <CursorPos X="69" Y="15"/>
        <UsageCount Value="243"/>
        <Loaded Value="True"/>
        <LoadedDesigner Value="True"/>
      </Unit8>
      <Unit9>
        <Filename Value="UPreferences.pas"/>
        <IsPartOfProject Value="True"/>
        <ComponentName Value="PreferencesForm"/>
        <HasResources Value="True"/>
        <ResourceBaseClass Value="Form"/>
        <UnitName Value="UPreferences"/>
        <EditorIndex Value="0"/>
        <WindowIndex Value="0"/>
        <TopLine Value="32"/>
        <CursorPos X="2" Y="48"/>
        <UsageCount Value="242"/>
        <Loaded Value="True"/>
        <LoadedDesigner Value="True"/>
      </Unit9>
      <Unit10>
        <Filename Value="UPath.pas"/>
        <IsPartOfProject Value="True"/>
        <UnitName Value="UPath"/>
        <EditorIndex Value="3"/>
        <WindowIndex Value="0"/>
        <TopLine Value="23"/>
        <CursorPos X="49" Y="42"/>
        <UsageCount Value="234"/>
        <Loaded Value="True"/>
      </Unit10>
      <Unit11>
        <Filename Value="ULanguage.pas"/>
        <IsPartOfProject Value="True"/>
        <UnitName Value="ULanguage"/>
        <TopLine Value="1"/>
        <CursorPos X="51" Y="6"/>
        <UsageCount Value="233"/>
      </Unit11>
      <Unit12>
        <Filename Value="ULog.pas"/>
        <IsPartOfProject Value="True"/>
        <UnitName Value="ULog"/>
        <EditorIndex Value="4"/>
        <WindowIndex Value="0"/>
        <TopLine Value="1"/>
        <CursorPos X="1" Y="1"/>
        <UsageCount Value="231"/>
        <Loaded Value="True"/>
      </Unit12>
      <Unit13>
        <Filename Value="version.inc"/>
        <IsPartOfProject Value="True"/>
        <EditorIndex Value="5"/>
        <WindowIndex Value="0"/>
        <TopLine Value="1"/>
        <CursorPos X="21" Y="2"/>
        <UsageCount Value="230"/>
        <Loaded Value="True"/>
      </Unit13>
      <Unit14>
        <Filename Value="../../../../sw/share/fpcsrc/packages/univint/src/MacOSAll.pas"/>
        <UnitName Value="MacOSAll"/>
        <TopLine Value="114484"/>
        <CursorPos X="79" Y="114496"/>
        <UsageCount Value="5"/>
      </Unit14>
      <Unit15>
        <Filename Value="UPreferenceData.pas"/>
        <IsPartOfProject Value="True"/>
        <UnitName Value="UPreferenceData"/>
        <IsVisibleTab Value="True"/>
        <EditorIndex Value="1"/>
        <WindowIndex Value="0"/>
        <TopLine Value="256"/>
        <CursorPos X="50" Y="267"/>
        <UsageCount Value="206"/>
        <Loaded Value="True"/>
      </Unit15>
      <Unit16>
        <Filename Value="UXMLPreferenceData.pas"/>
        <UnitName Value="UXMLPreferenceData"/>
        <TopLine Value="1"/>
        <CursorPos X="77" Y="5"/>
        <UsageCount Value="125"/>
      </Unit16>
      <Unit17>
        <Filename Value="../../../../sw/share/fpcsrc/packages/fcl-xml/src/dom.pp"/>
        <UnitName Value="DOM"/>
        <TopLine Value="601"/>
        <CursorPos X="74" Y="608"/>
        <UsageCount Value="28"/>
      </Unit17>
      <Unit18>
        <Filename Value="../../../../usr/lib/lazarus/lcl/lresources.pp"/>
        <UnitName Value="LResources"/>
        <TopLine Value="2841"/>
        <CursorPos X="62" Y="2868"/>
        <UsageCount Value="5"/>
      </Unit18>
      <Unit19>
        <Filename Value="../../../../usr/share/fpcsrc/2.2.2/packages/fcl-xml/src/dom.pp"/>
        <UnitName Value="DOM"/>
        <TopLine Value="518"/>
        <CursorPos X="15" Y="531"/>
        <UsageCount Value="5"/>
      </Unit19>
      <Unit20>
        <Filename Value="test/XMLtest.pas"/>
        <UnitName Value="XMLtest"/>
        <TopLine Value="57"/>
        <CursorPos X="82" Y="64"/>
        <UsageCount Value="4"/>
      </Unit20>
      <Unit21>
        <Filename Value="../../../../sw/share/fpcsrc/packages/fcl-xml/src/xmlutils.pp"/>
        <UnitName Value="xmlutils"/>
        <TopLine Value="269"/>
        <CursorPos X="97" Y="271"/>
        <UsageCount Value="5"/>
      </Unit21>
      <Unit22>
        <Filename Value="../../../../sw/share/fpcsrc/packages/fcl-xml/src/xmlwrite.pp"/>
        <UnitName Value="XMLWrite"/>
        <TopLine Value="343"/>
        <CursorPos X="51" Y="354"/>
        <UsageCount Value="5"/>
      </Unit22>
      <Unit23>
        <Filename Value="../../../../sw/share/lazarus/lcl/xmlpropstorage.pas"/>
        <UnitName Value="XMLPropStorage"/>
        <TopLine Value="23"/>
        <CursorPos X="26" Y="35"/>
        <UsageCount Value="5"/>
      </Unit23>
      <Unit24>
        <Filename Value="test/PreferenceFileMacOSXTest.pas"/>
        <UnitName Value="PreferenceFileMacOSXTest"/>
        <TopLine Value="24"/>
        <CursorPos X="92" Y="29"/>
        <UsageCount Value="4"/>
      </Unit24>
      <Unit25>
        <Filename Value="../../../../sw/share/lazarus/lcl/include/application.inc"/>
        <TopLine Value="1150"/>
        <CursorPos X="74" Y="1160"/>
        <UsageCount Value="4"/>
      </Unit25>
      <Unit26>
        <Filename Value="../../../../sw/share/lazarus/lcl/controls.pp"/>
        <UnitName Value="Controls"/>
        <TopLine Value="181"/>
        <CursorPos X="86" Y="186"/>
        <UsageCount Value="5"/>
      </Unit26>
      <Unit27>
        <Filename Value="../../../../sw/share/lazarus/lcl/forms.pp"/>
        <UnitName Value="Forms"/>
        <TopLine Value="1096"/>
        <CursorPos X="101" Y="1099"/>
        <UsageCount Value="5"/>
      </Unit27>
      <Unit28>
        <Filename Value="../../../../sw/share/fpcsrc/rtl/inc/systemh.inc"/>
        <TopLine Value="786"/>
        <CursorPos X="57" Y="790"/>
        <UsageCount Value="5"/>
      </Unit28>
      <Unit29>
        <Filename Value="HeatWizardPanel.lfm"/>
        <TopLine Value="1"/>
        <CursorPos X="93" Y="6"/>
        <SyntaxHighlighter Value="LFM"/>
        <UsageCount Value="29"/>
      </Unit29>
      <Unit30>
        <Filename Value="UPlatform.pas"/>
        <UnitName Value="UPlatform"/>
        <WindowIndex Value="0"/>
        <TopLine Value="1"/>
        <CursorPos X="49" Y="19"/>
        <UsageCount Value="36"/>
        <LoadedDesigner Value="True"/>
      </Unit30>
      <Unit31>
        <Filename Value="../../../../usr/lib/lazarus/lcl/interfaces/gtk/gtkwidgetset.inc"/>
        <TopLine Value="108"/>
        <CursorPos X="99" Y="120"/>
        <UsageCount Value="10"/>
      </Unit31>
    </Units>
    <JumpHistory Count="29" HistoryIndex="28">
      <Position1>
        <Filename Value="HeatWizardPanel.pas"/>
        <Caret Line="277" Column="1" TopLine="276"/>
      </Position1>
      <Position2>
        <Filename Value="HeatWizardPanel.pas"/>
        <Caret Line="276" Column="1" TopLine="276"/>
      </Position2>
      <Position3>
        <Filename Value="HeatWizardPanel.pas"/>
        <Caret Line="277" Column="1" TopLine="276"/>
      </Position3>
      <Position4>
        <Filename Value="HeatWizardPanel.pas"/>
        <Caret Line="278" Column="1" TopLine="276"/>
      </Position4>
      <Position5>
        <Filename Value="HeatWizardPanel.pas"/>
        <Caret Line="284" Column="1" TopLine="273"/>
      </Position5>
      <Position6>
        <Filename Value="HeatWizardPanel.pas"/>
        <Caret Line="60" Column="76" TopLine="20"/>
      </Position6>
      <Position7>
        <Filename Value="HeatWizardPanel.pas"/>
        <Caret Line="429" Column="7" TopLine="405"/>
      </Position7>
      <Position8>
        <Filename Value="HeatWizardPanel.pas"/>
        <Caret Line="427" Column="3" TopLine="425"/>
      </Position8>
      <Position9>
        <Filename Value="HeatWizardPanel.pas"/>
        <Caret Line="428" Column="3" TopLine="425"/>
      </Position9>
      <Position10>
        <Filename Value="HeatWizardPanel.pas"/>
        <Caret Line="427" Column="3" TopLine="425"/>
      </Position10>
      <Position11>
        <Filename Value="HeatWizardPanel.pas"/>
        <Caret Line="428" Column="3" TopLine="425"/>
      </Position11>
      <Position12>
        <Filename Value="HeatWizardPanel.pas"/>
        <Caret Line="427" Column="3" TopLine="425"/>
      </Position12>
      <Position13>
        <Filename Value="HeatWizardPanel.pas"/>
        <Caret Line="429" Column="3" TopLine="425"/>
      </Position13>
      <Position14>
        <Filename Value="HeatWizardPanel.pas"/>
        <Caret Line="439" Column="1" TopLine="439"/>
      </Position14>
      <Position15>
        <Filename Value="HeatWizardPanel.pas"/>
        <Caret Line="369" Column="12" TopLine="353"/>
      </Position15>
      <Position16>
        <Filename Value="HeatWizardPanel.pas"/>
        <Caret Line="393" Column="14" TopLine="374"/>
      </Position16>
      <Position17>
        <Filename Value="HeatWizardPanel.pas"/>
        <Caret Line="495" Column="14" TopLine="476"/>
      </Position17>
      <Position18>
        <Filename Value="HeatWizardPanel.pas"/>
        <Caret Line="524" Column="14" TopLine="505"/>
      </Position18>
      <Position19>
        <Filename Value="HeatWizardPanel.pas"/>
        <Caret Line="546" Column="14" TopLine="527"/>
      </Position19>
      <Position20>
        <Filename Value="HeatWizardPanel.pas"/>
        <Caret Line="568" Column="14" TopLine="544"/>
      </Position20>
      <Position21>
        <Filename Value="HeatWizardPanel.pas"/>
        <Caret Line="549" Column="75" TopLine="543"/>
      </Position21>
      <Position22>
        <Filename Value="UPreferenceData.pas"/>
        <Caret Line="211" Column="1" TopLine="201"/>
      </Position22>
      <Position23>
        <Filename Value="UPreferenceData.pas"/>
        <Caret Line="216" Column="1" TopLine="206"/>
      </Position23>
      <Position24>
        <Filename Value="UPreferenceData.pas"/>
        <Caret Line="218" Column="1" TopLine="208"/>
      </Position24>
      <Position25>
        <Filename Value="UPreferenceData.pas"/>
        <Caret Line="223" Column="1" TopLine="213"/>
      </Position25>
      <Position26>
        <Filename Value="UPreferenceData.pas"/>
        <Caret Line="224" Column="1" TopLine="214"/>
      </Position26>
      <Position27>
        <Filename Value="UPreferenceData.pas"/>
        <Caret Line="263" Column="1" TopLine="253"/>
      </Position27>
      <Position28>
        <Filename Value="UPreferenceData.pas"/>
        <Caret Line="265" Column="1" TopLine="255"/>
      </Position28>
      <Position29>
        <Filename Value="UPreferenceData.pas"/>
        <Caret Line="267" Column="50" TopLine="256"/>
      </Position29>
    </JumpHistory>
  </ProjectOptions>
  <CompilerOptions>
    <Version Value="9"/>
    <Target>
      <Filename Value="Heat Wizard"/>
    </Target>
    <SearchPaths>
      <OtherUnitFiles Value="$(LazarusDir)/lcl/units/$(TargetCPU)-$(TargetOS);$(LazarusDir)/lcl/units/$(TargetCPU)-$(TargetOS)/$(LCLWidgetType);languages"/>
    </SearchPaths>
    <Parsing>
      <SyntaxOptions>
        <CStyleOperator Value="False"/>
        <AllowLabel Value="False"/>
        <CPPInline Value="False"/>
        <UseAnsiStrings Value="False"/>
      </SyntaxOptions>
    </Parsing>
    <CodeGeneration>
      <Checks>
        <IOChecks Value="True"/>
        <RangeChecks Value="True"/>
        <OverflowChecks Value="True"/>
        <StackChecks Value="True"/>
      </Checks>
      <VerifyObjMethodCallValidity Value="True"/>
    </CodeGeneration>
    <Linking>
      <Debugging>
        <GenerateDebugInfo Value="True"/>
        <GenerateDwarf Value="True"/>
      </Debugging>
      <Options>
        <Win32>
          <GraphicApplication Value="True"/>
        </Win32>
      </Options>
    </Linking>
    <Other>
      <Verbosity>
        <ShoLineNum Value="True"/>
      </Verbosity>
      <WriteFPCLogo Value="False"/>
      <ConfigFile>
        <StopAfterErrCount Value="5"/>
      </ConfigFile>
      <CompilerPath Value="$(CompPath)"/>
      <ExecuteBefore>
        <ShowAllMessages Value="True"/>
      </ExecuteBefore>
      <ExecuteAfter>
        <ShowAllMessages Value="True"/>
      </ExecuteAfter>
      <CreateMakefileOnBuild Value="True"/>
    </Other>
  </CompilerOptions>
  <Debugging>
    <Exceptions Count="2">
      <Item1>
        <Name Value="ECodetoolError"/>
      </Item1>
      <Item2>
        <Name Value="EFOpenError"/>
      </Item2>
    </Exceptions>
  </Debugging>
</CONFIG>
