<?xml version="1.0"?>
<CONFIG>
  <ProjectOptions>
    <Version Value="7"/>
    <General>
      <Flags>
        <LRSInOutputDirectory Value="False"/>
      </Flags>
      <MainUnit Value="0"/>
      <TargetFileExt Value=""/>
      <Title Value="Heat Wizard"/>
      <ActiveEditorIndexAtStart Value="6"/>
    </General>
    <i18n>
      <OutDir Value="languages"/>
    </i18n>
    <VersionInfo>
      <UseVersionInfo Value="True"/>
    </VersionInfo>
    <PublishOptions>
      <Version Value="2"/>
      <IgnoreBinaries Value="False"/>
      <IncludeFileFilter Value="*.(pas|pp|inc|lfm|lpr|lrs|lpi|lpk|sh|xml)"/>
      <ExcludeFileFilter Value="*.(bak|ppu|ppw|o|so);*~;backup"/>
    </PublishOptions>
    <RunParams>
      <local>
        <FormatVersion Value="1"/>
        <LaunchingApplication PathPlusParams="/usr/X11R6/bin/xterm -T 'Lazarus Run Output' -e $(LazarusDir)/tools/runwait.sh $(TargetCmdLine)"/>
      </local>
      <environment>
        <UserOverrides Count="1">
          <Variable0 Name="PATH" Value="/usr/bin:/bin:/usr/sbin:/sbin:/sw/bin"/>
        </UserOverrides>
      </environment>
    </RunParams>
    <RequiredPackages Count="1">
      <Item1>
        <PackageName Value="LCL"/>
      </Item1>
    </RequiredPackages>
    <Units Count="22">
      <Unit0>
        <Filename Value="HeatWizard.lpr"/>
        <IsPartOfProject Value="True"/>
        <CursorPos X="1" Y="1"/>
        <TopLine Value="1"/>
        <EditorIndex Value="0"/>
        <UsageCount Value="208"/>
        <Loaded Value="True"/>
      </Unit0>
      <Unit1>
        <Filename Value="HeatWizardPanel.pas"/>
        <IsPartOfProject Value="True"/>
        <ComponentName Value="MainForm"/>
        <ResourceBaseClass Value="Form"/>
        <UnitName Value="HeatWizardPanel"/>
        <CursorPos X="1" Y="1"/>
        <TopLine Value="1"/>
        <EditorIndex Value="1"/>
        <UsageCount Value="208"/>
        <Loaded Value="True"/>
      </Unit1>
      <Unit2>
        <Filename Value="languages/heatwizard.de.po"/>
        <IsPartOfProject Value="True"/>
        <CursorPos X="45" Y="36"/>
        <TopLine Value="21"/>
        <UsageCount Value="222"/>
        <Bookmarks Count="1">
          <Item0 X="20" Y="23" ID="7"/>
        </Bookmarks>
        <SyntaxHighlighter Value="None"/>
      </Unit2>
      <Unit3>
        <Filename Value="languages/heatwizard.en.po"/>
        <IsPartOfProject Value="True"/>
        <CursorPos X="45" Y="35"/>
        <TopLine Value="20"/>
        <UsageCount Value="222"/>
        <SyntaxHighlighter Value="None"/>
      </Unit3>
      <Unit4>
        <Filename Value="UAbout.pas"/>
        <IsPartOfProject Value="True"/>
        <ComponentName Value="AboutForm"/>
        <HasResources Value="True"/>
        <ResourceBaseClass Value="Form"/>
        <UnitName Value="UAbout"/>
        <CursorPos X="1" Y="1"/>
        <TopLine Value="1"/>
        <UsageCount Value="243"/>
        <Loaded Value="True"/>
      </Unit4>
      <Unit5>
        <Filename Value="UPreferences.pas"/>
        <IsPartOfProject Value="True"/>
        <ComponentName Value="PreferencesForm"/>
        <HasResources Value="True"/>
        <ResourceBaseClass Value="Form"/>
        <UnitName Value="UPreferences"/>
        <CursorPos X="1" Y="1"/>
        <TopLine Value="1"/>
        <EditorIndex Value="4"/>
        <UsageCount Value="242"/>
        <Loaded Value="True"/>
      </Unit5>
      <Unit6>
        <Filename Value="UPath.pas"/>
        <IsPartOfProject Value="True"/>
        <UnitName Value="UPath"/>
        <CursorPos X="1" Y="1"/>
        <TopLine Value="1"/>
        <EditorIndex Value="5"/>
        <UsageCount Value="234"/>
        <Loaded Value="True"/>
      </Unit6>
      <Unit7>
        <Filename Value="ULanguage.pas"/>
        <IsPartOfProject Value="True"/>
        <UnitName Value="ULanguage"/>
        <CursorPos X="51" Y="6"/>
        <TopLine Value="1"/>
        <UsageCount Value="233"/>
      </Unit7>
      <Unit8>
        <Filename Value="ULog.pas"/>
        <IsPartOfProject Value="True"/>
        <UnitName Value="ULog"/>
        <CursorPos X="1" Y="1"/>
        <TopLine Value="1"/>
        <UsageCount Value="231"/>
        <Loaded Value="True"/>
      </Unit8>
      <Unit9>
        <Filename Value="version.inc"/>
        <IsPartOfProject Value="True"/>
        <CursorPos X="1" Y="1"/>
        <TopLine Value="1"/>
        <UsageCount Value="230"/>
        <Loaded Value="True"/>
      </Unit9>
      <Unit10>
        <Filename Value="UPreferenceData.pas"/>
        <IsPartOfProject Value="True"/>
        <UnitName Value="UPreferenceData"/>
        <CursorPos X="1" Y="1"/>
        <TopLine Value="1"/>
        <UsageCount Value="206"/>
      </Unit10>
      <Unit11>
        <Filename Value="UXMLPreferenceData.pas"/>
        <UnitName Value="UXMLPreferenceData"/>
        <CursorPos X="77" Y="5"/>
        <TopLine Value="1"/>
        <UsageCount Value="107"/>
      </Unit11>
      <Unit12>
        <Filename Value="../../../../sw/share/fpcsrc/packages/fcl-xml/src/dom.pp"/>
        <UnitName Value="DOM"/>
        <CursorPos X="74" Y="608"/>
        <TopLine Value="601"/>
        <UsageCount Value="10"/>
      </Unit12>
      <Unit13>
        <Filename Value="HeatWizardPanel.lfm"/>
        <CursorPos X="1" Y="1"/>
        <TopLine Value="1"/>
        <UsageCount Value="116"/>
        <Loaded Value="True"/>
        <SyntaxHighlighter Value="LFM"/>
      </Unit13>
      <Unit14>
        <Filename Value="UPlatform.pas"/>
        <IsPartOfProject Value="True"/>
        <UnitName Value="UPlatform"/>
        <CursorPos X="1" Y="1"/>
        <TopLine Value="1"/>
        <UsageCount Value="207"/>
      </Unit14>
      <Unit15>
        <Filename Value="UThermoCouple.pas"/>
        <IsPartOfProject Value="True"/>
        <UnitName Value="UThermoCouple"/>
        <CursorPos X="1" Y="1"/>
        <TopLine Value="1"/>
        <EditorIndex Value="2"/>
        <UsageCount Value="184"/>
        <Loaded Value="True"/>
      </Unit15>
      <Unit16>
        <Filename Value="heatwizard.pp"/>
        <IsPartOfProject Value="True"/>
        <UnitName Value="heatwizard"/>
        <CursorPos X="90" Y="130"/>
        <TopLine Value="110"/>
        <EditorIndex Value="6"/>
        <UsageCount Value="174"/>
        <Loaded Value="True"/>
      </Unit16>
      <Unit17>
        <Filename Value="UCommandlineHandler.pas"/>
        <IsPartOfProject Value="True"/>
        <UnitName Value="UCommandlineHandler"/>
        <CursorPos X="1" Y="124"/>
        <TopLine Value="148"/>
        <EditorIndex Value="7"/>
        <UsageCount Value="174"/>
        <Loaded Value="True"/>
      </Unit17>
      <Unit18>
        <Filename Value="UConverter.pas"/>
        <IsPartOfProject Value="True"/>
        <UnitName Value="UConverter"/>
        <CursorPos X="98" Y="159"/>
        <TopLine Value="151"/>
        <EditorIndex Value="3"/>
        <UsageCount Value="174"/>
        <Loaded Value="True"/>
      </Unit18>
      <Unit19>
        <Filename Value="../../../../../sw/share/lazarus/lcl/forms.pp"/>
        <UnitName Value="Forms"/>
        <CursorPos X="49" Y="1692"/>
        <TopLine Value="1689"/>
        <UsageCount Value="23"/>
      </Unit19>
      <Unit20>
        <Filename Value="../../../../../sw/share/fpcsrc/packages/fcl-base/src/custapp.pp"/>
        <UnitName Value="CustApp"/>
        <CursorPos X="3" Y="26"/>
        <TopLine Value="14"/>
        <UsageCount Value="23"/>
      </Unit20>
      <Unit21>
        <Filename Value="../../../../../sw/share/fpcsrc/rtl/objpas/classes/classesh.inc"/>
        <CursorPos X="3" Y="353"/>
        <TopLine Value="341"/>
        <UsageCount Value="9"/>
      </Unit21>
    </Units>
    <JumpHistory Count="18" HistoryIndex="17">
      <Position1>
        <Filename Value="UCommandlineHandler.pas"/>
        <Caret Line="62" Column="22" TopLine="58"/>
      </Position1>
      <Position2>
        <Filename Value="UCommandlineHandler.pas"/>
        <Caret Line="79" Column="46" TopLine="62"/>
      </Position2>
      <Position3>
        <Filename Value="UCommandlineHandler.pas"/>
        <Caret Line="79" Column="46" TopLine="62"/>
      </Position3>
      <Position4>
        <Filename Value="UCommandlineHandler.pas"/>
        <Caret Line="87" Column="1" TopLine="75"/>
      </Position4>
      <Position5>
        <Filename Value="UPreferences.pas"/>
        <Caret Line="79" Column="39" TopLine="55"/>
      </Position5>
      <Position6>
        <Filename Value="UPath.pas"/>
        <Caret Line="42" Column="49" TopLine="34"/>
      </Position6>
      <Position7>
        <Filename Value="HeatWizard.lpr"/>
        <Caret Line="57" Column="14" TopLine="45"/>
      </Position7>
      <Position8>
        <Filename Value="HeatWizardPanel.pas"/>
        <Caret Line="239" Column="25" TopLine="215"/>
      </Position8>
      <Position9>
        <Filename Value="UThermoCouple.pas"/>
        <Caret Line="35" Column="3" TopLine="11"/>
      </Position9>
      <Position10>
        <Filename Value="UCommandlineHandler.pas"/>
        <Caret Line="53" Column="69" TopLine="41"/>
      </Position10>
      <Position11>
        <Filename Value="heatwizard.pp"/>
        <Caret Line="104" Column="27" TopLine="83"/>
      </Position11>
      <Position12>
        <Filename Value="heatwizard.pp"/>
        <Caret Line="40" Column="33" TopLine="28"/>
      </Position12>
      <Position13>
        <Filename Value="heatwizard.pp"/>
        <Caret Line="20" Column="51" TopLine="1"/>
      </Position13>
      <Position14>
        <Filename Value="heatwizard.pp"/>
        <Caret Line="34" Column="13" TopLine="22"/>
      </Position14>
      <Position15>
        <Filename Value="heatwizard.pp"/>
        <Caret Line="40" Column="33" TopLine="22"/>
      </Position15>
      <Position16>
        <Filename Value="heatwizard.pp"/>
        <Caret Line="6" Column="87" TopLine="1"/>
      </Position16>
      <Position17>
        <Filename Value="heatwizard.pp"/>
        <Caret Line="42" Column="11" TopLine="30"/>
      </Position17>
      <Position18>
        <Filename Value="heatwizard.pp"/>
        <Caret Line="61" Column="22" TopLine="49"/>
      </Position18>
    </JumpHistory>
  </ProjectOptions>
  <CompilerOptions>
    <Version Value="8"/>
    <Target>
      <Filename Value="Heat Wizard"/>
    </Target>
    <SearchPaths>
      <OtherUnitFiles Value="$(LazarusDir)/lcl/units/$(TargetCPU)-$(TargetOS)/;$(LazarusDir)/lcl/units/$(TargetCPU)-$(TargetOS)/$(LCLWidgetType)/;languages/"/>
    </SearchPaths>
    <Parsing>
      <SyntaxOptions>
        <CPPInline Value="False"/>
      </SyntaxOptions>
    </Parsing>
    <CodeGeneration>
      <Checks>
        <IOChecks Value="True"/>
        <RangeChecks Value="True"/>
        <OverflowChecks Value="True"/>
        <StackChecks Value="True"/>
      </Checks>
      <VerifyObjMethodCallValidity Value="True"/>
    </CodeGeneration>
    <Linking>
      <Debugging>
        <GenerateDebugInfo Value="True"/>
        <GenerateDwarf Value="True"/>
      </Debugging>
    </Linking>
    <Other>
      <Verbosity>
        <ShoLineNum Value="True"/>
      </Verbosity>
      <WriteFPCLogo Value="False"/>
      <ConfigFile>
        <StopAfterErrCount Value="5"/>
      </ConfigFile>
      <CompilerPath Value="$(CompPath)"/>
      <ExecuteBefore>
        <ShowAllMessages Value="True"/>
      </ExecuteBefore>
      <ExecuteAfter>
        <ShowAllMessages Value="True"/>
      </ExecuteAfter>
      <CreateMakefileOnBuild Value="True"/>
    </Other>
  </CompilerOptions>
  <Debugging>
    <Watches Count="6">
      <Item1>
        <Expression Value="Language"/>
      </Item1>
      <Item2>
        <Expression Value="LanguageShortString[0]"/>
      </Item2>
      <Item3>
        <Expression Value="LanguageShortString[1]"/>
      </Item3>
      <Item4>
        <Expression Value="LanguageShortString[2]"/>
      </Item4>
      <Item5>
        <Expression Value="LanguageComboBox.ItemIndex"/>
      </Item5>
      <Item6>
        <Expression Value="PreferenceData.Language"/>
      </Item6>
    </Watches>
    <Exceptions Count="2">
      <Item1>
        <Name Value="ECodetoolError"/>
      </Item1>
      <Item2>
        <Name Value="EFOpenError"/>
      </Item2>
    </Exceptions>
  </Debugging>
</CONFIG>
