<?xml version="1.0"?>
<CONFIG>
  <ProjectOptions>
    <Version Value="9"/>
    <General>
      <Flags>
        <LRSInOutputDirectory Value="False"/>
      </Flags>
      <MainUnit Value="0"/>
      <Title Value="Heat Wizard"/>
      <ActiveWindowIndexAtStart Value="0"/>
    </General>
    <i18n>
      <OutDir Value="languages"/>
    </i18n>
    <VersionInfo>
      <UseVersionInfo Value="True"/>
    </VersionInfo>
    <BuildModes Count="1">
      <Item1 Name="default" Default="True"/>
    </BuildModes>
    <PublishOptions>
      <Version Value="2"/>
      <IgnoreBinaries Value="False"/>
      <IncludeFileFilter Value="*.(pas|pp|inc|lfm|lpr|lrs|lpi|lpk|sh|xml)"/>
      <ExcludeFileFilter Value="*.(bak|ppu|ppw|o|so);*~;backup"/>
    </PublishOptions>
    <RunParams>
      <local>
        <FormatVersion Value="1"/>
        <LaunchingApplication PathPlusParams="/usr/X11R6/bin/xterm -T 'Lazarus Run Output' -e $(LazarusDir)/tools/runwait.sh $(TargetCmdLine)"/>
      </local>
      <environment>
        <UserOverrides Count="1">
          <Variable0 Name="PATH" Value="/usr/bin:/bin:/usr/sbin:/sbin:/sw/bin"/>
        </UserOverrides>
      </environment>
    </RunParams>
    <RequiredPackages Count="1">
      <Item1>
        <PackageName Value="LCL"/>
      </Item1>
    </RequiredPackages>
    <Units Count="24">
      <Unit0>
        <Filename Value="HeatWizard.lpr"/>
        <IsPartOfProject Value="True"/>
        <EditorIndex Value="0"/>
        <WindowIndex Value="0"/>
        <TopLine Value="1"/>
        <CursorPos X="1" Y="1"/>
        <UsageCount Value="208"/>
        <Loaded Value="True"/>
        <LoadedDesigner Value="True"/>
      </Unit0>
      <Unit1>
        <Filename Value="HeatWizardPanel.pas"/>
        <IsPartOfProject Value="True"/>
        <ComponentName Value="MainForm"/>
        <ResourceBaseClass Value="Form"/>
        <UnitName Value="HeatWizardPanel"/>
        <IsVisibleTab Value="True"/>
        <EditorIndex Value="1"/>
        <WindowIndex Value="0"/>
        <TopLine Value="579"/>
        <CursorPos X="43" Y="583"/>
        <UsageCount Value="208"/>
        <Loaded Value="True"/>
        <LoadedDesigner Value="True"/>
      </Unit1>
      <Unit2>
        <Filename Value="languages/heatwizard.de.po"/>
        <IsPartOfProject Value="True"/>
        <TopLine Value="21"/>
        <CursorPos X="45" Y="36"/>
        <UsageCount Value="222"/>
        <Bookmarks Count="1">
          <Item0 X="20" Y="23" ID="7"/>
        </Bookmarks>
        <DefaultSyntaxHighlighter Value="None"/>
      </Unit2>
      <Unit3>
        <Filename Value="languages/heatwizard.en.po"/>
        <IsPartOfProject Value="True"/>
        <TopLine Value="20"/>
        <CursorPos X="45" Y="35"/>
        <UsageCount Value="222"/>
        <DefaultSyntaxHighlighter Value="None"/>
      </Unit3>
      <Unit4>
        <Filename Value="UAbout.pas"/>
        <IsPartOfProject Value="True"/>
        <ComponentName Value="AboutForm"/>
        <HasResources Value="True"/>
        <ResourceBaseClass Value="Form"/>
        <UnitName Value="UAbout"/>
        <TopLine Value="1"/>
        <CursorPos X="1" Y="1"/>
        <UsageCount Value="243"/>
        <Loaded Value="True"/>
        <LoadedDesigner Value="True"/>
      </Unit4>
      <Unit5>
        <Filename Value="UPreferences.pas"/>
        <IsPartOfProject Value="True"/>
        <ComponentName Value="PreferencesForm"/>
        <HasResources Value="True"/>
        <ResourceBaseClass Value="Form"/>
        <UnitName Value="UPreferences"/>
        <EditorIndex Value="6"/>
        <WindowIndex Value="0"/>
        <TopLine Value="1"/>
        <CursorPos X="1" Y="1"/>
        <UsageCount Value="242"/>
        <Loaded Value="True"/>
        <LoadedDesigner Value="True"/>
      </Unit5>
      <Unit6>
        <Filename Value="UPath.pas"/>
        <IsPartOfProject Value="True"/>
        <UnitName Value="UPath"/>
        <TopLine Value="1"/>
        <CursorPos X="1" Y="1"/>
        <UsageCount Value="234"/>
      </Unit6>
      <Unit7>
        <Filename Value="ULanguage.pas"/>
        <IsPartOfProject Value="True"/>
        <UnitName Value="ULanguage"/>
        <TopLine Value="1"/>
        <CursorPos X="51" Y="6"/>
        <UsageCount Value="233"/>
      </Unit7>
      <Unit8>
        <Filename Value="ULog.pas"/>
        <IsPartOfProject Value="True"/>
        <UnitName Value="ULog"/>
        <TopLine Value="1"/>
        <CursorPos X="1" Y="1"/>
        <UsageCount Value="231"/>
        <Loaded Value="True"/>
        <LoadedDesigner Value="True"/>
      </Unit8>
      <Unit9>
        <Filename Value="version.inc"/>
        <IsPartOfProject Value="True"/>
        <TopLine Value="1"/>
        <CursorPos X="1" Y="1"/>
        <UsageCount Value="230"/>
        <Loaded Value="True"/>
        <LoadedDesigner Value="True"/>
      </Unit9>
      <Unit10>
        <Filename Value="UPreferenceData.pas"/>
        <IsPartOfProject Value="True"/>
        <UnitName Value="UPreferenceData"/>
        <TopLine Value="1"/>
        <CursorPos X="1" Y="1"/>
        <UsageCount Value="206"/>
      </Unit10>
      <Unit11>
        <Filename Value="UXMLPreferenceData.pas"/>
        <UnitName Value="UXMLPreferenceData"/>
        <TopLine Value="1"/>
        <CursorPos X="77" Y="5"/>
        <UsageCount Value="107"/>
      </Unit11>
      <Unit12>
        <Filename Value="../../../../sw/share/fpcsrc/packages/fcl-xml/src/dom.pp"/>
        <UnitName Value="DOM"/>
        <TopLine Value="601"/>
        <CursorPos X="74" Y="608"/>
        <UsageCount Value="10"/>
      </Unit12>
      <Unit13>
        <Filename Value="HeatWizardPanel.lfm"/>
        <TopLine Value="1"/>
        <CursorPos X="1" Y="1"/>
        <UsageCount Value="116"/>
        <Loaded Value="True"/>
        <LoadedDesigner Value="True"/>
        <DefaultSyntaxHighlighter Value="LFM"/>
      </Unit13>
      <Unit14>
        <Filename Value="UPlatform.pas"/>
        <IsPartOfProject Value="True"/>
        <UnitName Value="UPlatform"/>
        <TopLine Value="1"/>
        <CursorPos X="1" Y="1"/>
        <UsageCount Value="207"/>
      </Unit14>
      <Unit15>
        <Filename Value="UThermoCouple.pas"/>
        <IsPartOfProject Value="True"/>
        <UnitName Value="UThermoCouple"/>
        <EditorIndex Value="4"/>
        <WindowIndex Value="0"/>
        <TopLine Value="53"/>
        <CursorPos X="1" Y="1"/>
        <UsageCount Value="188"/>
        <Loaded Value="True"/>
      </Unit15>
      <Unit16>
        <Filename Value="heatwizard.pp"/>
        <IsPartOfProject Value="True"/>
        <UnitName Value="heatwizard"/>
        <TopLine Value="106"/>
        <CursorPos X="90" Y="130"/>
        <UsageCount Value="178"/>
      </Unit16>
      <Unit17>
        <Filename Value="UCommandlineHandler.pas"/>
        <IsPartOfProject Value="True"/>
        <UnitName Value="UCommandlineHandler"/>
        <TopLine Value="124"/>
        <CursorPos X="1" Y="124"/>
        <UsageCount Value="178"/>
      </Unit17>
      <Unit18>
        <Filename Value="UConverter.pas"/>
        <IsPartOfProject Value="True"/>
        <UnitName Value="UConverter"/>
        <EditorIndex Value="5"/>
        <WindowIndex Value="0"/>
        <TopLine Value="1"/>
        <CursorPos X="98" Y="103"/>
        <UsageCount Value="178"/>
        <Loaded Value="True"/>
      </Unit18>
      <Unit19>
        <Filename Value="/sw/share/lazarus/lcl/forms.pp"/>
        <UnitName Value="Forms"/>
        <TopLine Value="1689"/>
        <CursorPos X="49" Y="1692"/>
        <UsageCount Value="23"/>
      </Unit19>
      <Unit20>
        <Filename Value="/sw/share/fpcsrc/packages/fcl-base/src/custapp.pp"/>
        <UnitName Value="CustApp"/>
        <TopLine Value="14"/>
        <CursorPos X="3" Y="26"/>
        <UsageCount Value="23"/>
      </Unit20>
      <Unit21>
        <Filename Value="/sw/share/fpcsrc/rtl/objpas/classes/classesh.inc"/>
        <TopLine Value="341"/>
        <CursorPos X="3" Y="353"/>
        <UsageCount Value="9"/>
      </Unit21>
      <Unit22>
        <Filename Value="Temp2Volt.pas"/>
        <UnitName Value="Temp2Volt"/>
        <EditorIndex Value="2"/>
        <WindowIndex Value="0"/>
        <TopLine Value="1"/>
        <CursorPos X="17" Y="9"/>
        <UsageCount Value="11"/>
        <Loaded Value="True"/>
      </Unit22>
      <Unit23>
        <Filename Value="Volt2Temp.pas"/>
        <UnitName Value="Volt2Temp"/>
        <EditorIndex Value="3"/>
        <WindowIndex Value="0"/>
        <TopLine Value="1"/>
        <CursorPos X="17" Y="9"/>
        <UsageCount Value="11"/>
        <Loaded Value="True"/>
      </Unit23>
    </Units>
    <JumpHistory Count="30" HistoryIndex="29">
      <Position1>
        <Filename Value="HeatWizardPanel.pas"/>
        <Caret Line="239" Column="25" TopLine="215"/>
      </Position1>
      <Position2>
        <Filename Value="UThermoCouple.pas"/>
        <Caret Line="35" Column="3" TopLine="11"/>
      </Position2>
      <Position3>
        <Filename Value="HeatWizard.lpr"/>
        <Caret Line="1" Column="1" TopLine="1"/>
      </Position3>
      <Position4>
        <Filename Value="HeatWizard.lpr"/>
        <Caret Line="35" Column="10" TopLine="23"/>
      </Position4>
      <Position5>
        <Filename Value="Temp2Volt.pas"/>
        <Caret Line="1" Column="1" TopLine="1"/>
      </Position5>
      <Position6>
        <Filename Value="Temp2Volt.pas"/>
        <Caret Line="9" Column="16" TopLine="1"/>
      </Position6>
      <Position7>
        <Filename Value="Temp2Volt.pas"/>
        <Caret Line="4" Column="16" TopLine="1"/>
      </Position7>
      <Position8>
        <Filename Value="Temp2Volt.pas"/>
        <Caret Line="11" Column="16" TopLine="1"/>
      </Position8>
      <Position9>
        <Filename Value="Volt2Temp.pas"/>
        <Caret Line="1" Column="1" TopLine="1"/>
      </Position9>
      <Position10>
        <Filename Value="Volt2Temp.pas"/>
        <Caret Line="9" Column="19" TopLine="1"/>
      </Position10>
      <Position11>
        <Filename Value="Volt2Temp.pas"/>
        <Caret Line="4" Column="16" TopLine="1"/>
      </Position11>
      <Position12>
        <Filename Value="HeatWizardPanel.pas"/>
        <Caret Line="263" Column="42" TopLine="474"/>
      </Position12>
      <Position13>
        <Filename Value="HeatWizardPanel.pas"/>
        <Caret Line="264" Column="42" TopLine="264"/>
      </Position13>
      <Position14>
        <Filename Value="HeatWizardPanel.pas"/>
        <Caret Line="265" Column="42" TopLine="265"/>
      </Position14>
      <Position15>
        <Filename Value="HeatWizardPanel.pas"/>
        <Caret Line="266" Column="42" TopLine="266"/>
      </Position15>
      <Position16>
        <Filename Value="HeatWizardPanel.pas"/>
        <Caret Line="269" Column="42" TopLine="269"/>
      </Position16>
      <Position17>
        <Filename Value="HeatWizardPanel.pas"/>
        <Caret Line="90" Column="39" TopLine="80"/>
      </Position17>
      <Position18>
        <Filename Value="HeatWizardPanel.pas"/>
        <Caret Line="59" Column="22" TopLine="46"/>
      </Position18>
      <Position19>
        <Filename Value="HeatWizardPanel.pas"/>
        <Caret Line="60" Column="20" TopLine="46"/>
      </Position19>
      <Position20>
        <Filename Value="HeatWizardPanel.pas"/>
        <Caret Line="74" Column="30" TopLine="52"/>
      </Position20>
      <Position21>
        <Filename Value="HeatWizardPanel.pas"/>
        <Caret Line="77" Column="32" TopLine="55"/>
      </Position21>
      <Position22>
        <Filename Value="HeatWizardPanel.pas"/>
        <Caret Line="123" Column="20" TopLine="101"/>
      </Position22>
      <Position23>
        <Filename Value="HeatWizardPanel.pas"/>
        <Caret Line="126" Column="18" TopLine="104"/>
      </Position23>
      <Position24>
        <Filename Value="HeatWizardPanel.pas"/>
        <Caret Line="290" Column="74" TopLine="268"/>
      </Position24>
      <Position25>
        <Filename Value="HeatWizardPanel.pas"/>
        <Caret Line="293" Column="72" TopLine="271"/>
      </Position25>
      <Position26>
        <Filename Value="HeatWizardPanel.pas"/>
        <Caret Line="554" Column="59" TopLine="542"/>
      </Position26>
      <Position27>
        <Filename Value="HeatWizardPanel.pas"/>
        <Caret Line="444" Column="3" TopLine="442"/>
      </Position27>
      <Position28>
        <Filename Value="HeatWizardPanel.pas"/>
        <Caret Line="608" Column="3" TopLine="602"/>
      </Position28>
      <Position29>
        <Filename Value="HeatWizardPanel.pas"/>
        <Caret Line="450" Column="3" TopLine="448"/>
      </Position29>
      <Position30>
        <Filename Value="HeatWizardPanel.pas"/>
        <Caret Line="445" Column="3" TopLine="443"/>
      </Position30>
    </JumpHistory>
  </ProjectOptions>
  <CompilerOptions>
    <Version Value="9"/>
    <Target>
      <Filename Value="Heat Wizard"/>
    </Target>
    <SearchPaths>
      <OtherUnitFiles Value="$(LazarusDir)/lcl/units/$(TargetCPU)-$(TargetOS);$(LazarusDir)/lcl/units/$(TargetCPU)-$(TargetOS)/$(LCLWidgetType);languages"/>
    </SearchPaths>
    <Parsing>
      <SyntaxOptions>
        <CPPInline Value="False"/>
        <UseAnsiStrings Value="False"/>
      </SyntaxOptions>
    </Parsing>
    <CodeGeneration>
      <Checks>
        <IOChecks Value="True"/>
        <StackChecks Value="True"/>
      </Checks>
      <VerifyObjMethodCallValidity Value="True"/>
    </CodeGeneration>
    <Linking>
      <Debugging>
        <GenerateDebugInfo Value="True"/>
        <GenerateDwarf Value="True"/>
      </Debugging>
      <Options>
        <Win32>
          <GraphicApplication Value="True"/>
        </Win32>
      </Options>
    </Linking>
    <Other>
      <Verbosity>
        <ShoLineNum Value="True"/>
      </Verbosity>
      <WriteFPCLogo Value="False"/>
      <ConfigFile>
        <StopAfterErrCount Value="5"/>
      </ConfigFile>
      <CompilerMessages>
        <UseMsgFile Value="True"/>
      </CompilerMessages>
      <CompilerPath Value="$(CompPath)"/>
      <ExecuteBefore>
        <ShowAllMessages Value="True"/>
      </ExecuteBefore>
      <ExecuteAfter>
        <ShowAllMessages Value="True"/>
      </ExecuteAfter>
      <CreateMakefileOnBuild Value="True"/>
    </Other>
  </CompilerOptions>
  <Debugging>
    <BreakPoints Count="2">
      <Item1>
        <Source Value="heatwizard.pp"/>
        <Line Value="53"/>
      </Item1>
      <Item2>
        <Source Value="HeatWizardPanel.pas"/>
        <Line Value="220"/>
      </Item2>
    </BreakPoints>
    <Watches Count="6">
      <Item1>
        <Expression Value="Language"/>
      </Item1>
      <Item2>
        <Expression Value="LanguageShortString[0]"/>
      </Item2>
      <Item3>
        <Expression Value="LanguageShortString[1]"/>
      </Item3>
      <Item4>
        <Expression Value="LanguageShortString[2]"/>
      </Item4>
      <Item5>
        <Expression Value="LanguageComboBox.ItemIndex"/>
      </Item5>
      <Item6>
        <Expression Value="PreferenceData.Language"/>
      </Item6>
    </Watches>
    <Exceptions Count="2">
      <Item1>
        <Name Value="ECodetoolError"/>
      </Item1>
      <Item2>
        <Name Value="EFOpenError"/>
      </Item2>
    </Exceptions>
  </Debugging>
</CONFIG>
