<?xml version="1.0"?>
<CONFIG>
  <ProjectOptions>
    <Version Value="9"/>
    <General>
      <MainUnit Value="0"/>
      <Title Value="Heat Wizard"/>
      <ActiveWindowIndexAtStart Value="0"/>
    </General>
    <i18n>
      <OutDir Value="languages"/>
    </i18n>
    <VersionInfo>
      <UseVersionInfo Value="True"/>
    </VersionInfo>
    <BuildModes Count="1">
      <Item1 Name="default" Default="True"/>
    </BuildModes>
    <PublishOptions>
      <Version Value="2"/>
      <IgnoreBinaries Value="False"/>
      <IncludeFileFilter Value="*.(pas|pp|inc|lfm|lpr|lrs|lpi|lpk|sh|xml)"/>
      <ExcludeFileFilter Value="*.(bak|ppu|ppw|o|so);*~;backup"/>
    </PublishOptions>
    <RunParams>
      <local>
        <FormatVersion Value="1"/>
        <LaunchingApplication PathPlusParams="/usr/X11R6/bin/xterm -T 'Lazarus Run Output' -e $(LazarusDir)/tools/runwait.sh $(TargetCmdLine)"/>
      </local>
    </RunParams>
    <RequiredPackages Count="1">
      <Item1>
        <PackageName Value="LCL"/>
      </Item1>
    </RequiredPackages>
    <Units Count="29">
      <Unit0>
        <Filename Value="HeatWizard.lpr"/>
        <IsPartOfProject Value="True"/>
        <EditorIndex Value="0"/>
        <WindowIndex Value="0"/>
        <TopLine Value="1"/>
        <CursorPos X="1" Y="69"/>
        <UsageCount Value="208"/>
        <Loaded Value="True"/>
        <LoadedDesigner Value="True"/>
      </Unit0>
      <Unit1>
        <Filename Value="HeatWizardPanel.pas"/>
        <IsPartOfProject Value="True"/>
        <ComponentName Value="MainForm"/>
        <ResourceBaseClass Value="Form"/>
        <UnitName Value="HeatWizardPanel"/>
        <IsVisibleTab Value="True"/>
        <EditorIndex Value="2"/>
        <WindowIndex Value="0"/>
        <TopLine Value="131"/>
        <CursorPos X="18" Y="138"/>
        <FoldState Value=" TL00Np"/>
        <UsageCount Value="208"/>
        <Loaded Value="True"/>
        <LoadedDesigner Value="True"/>
      </Unit1>
      <Unit2>
        <Filename Value="languages/heatwizard.de.po"/>
        <IsPartOfProject Value="True"/>
        <TopLine Value="21"/>
        <CursorPos X="45" Y="36"/>
        <UsageCount Value="222"/>
        <Bookmarks Count="1">
          <Item0 X="20" Y="23" ID="7"/>
        </Bookmarks>
      </Unit2>
      <Unit3>
        <Filename Value="languages/heatwizard.en.po"/>
        <IsPartOfProject Value="True"/>
        <TopLine Value="20"/>
        <CursorPos X="45" Y="35"/>
        <UsageCount Value="222"/>
      </Unit3>
      <Unit4>
        <Filename Value="UAbout.pas"/>
        <IsPartOfProject Value="True"/>
        <ComponentName Value="AboutForm"/>
        <HasResources Value="True"/>
        <ResourceBaseClass Value="Form"/>
        <UnitName Value="UAbout"/>
        <EditorIndex Value="9"/>
        <WindowIndex Value="0"/>
        <TopLine Value="1"/>
        <CursorPos X="1" Y="1"/>
        <FoldState Value=" TL00Np"/>
        <UsageCount Value="243"/>
        <Loaded Value="True"/>
        <LoadedDesigner Value="True"/>
      </Unit4>
      <Unit5>
        <Filename Value="UPreferences.pas"/>
        <IsPartOfProject Value="True"/>
        <ComponentName Value="PreferencesForm"/>
        <HasResources Value="True"/>
        <ResourceBaseClass Value="Form"/>
        <UnitName Value="UPreferences"/>
        <EditorIndex Value="8"/>
        <WindowIndex Value="0"/>
        <TopLine Value="180"/>
        <CursorPos X="48" Y="195"/>
        <FoldState Value=" TL00Np"/>
        <UsageCount Value="242"/>
        <Loaded Value="True"/>
        <LoadedDesigner Value="True"/>
      </Unit5>
      <Unit6>
        <Filename Value="UPath.pas"/>
        <IsPartOfProject Value="True"/>
        <UnitName Value="UPath"/>
        <EditorIndex Value="5"/>
        <WindowIndex Value="0"/>
        <TopLine Value="1"/>
        <CursorPos X="1" Y="1"/>
        <UsageCount Value="234"/>
        <Loaded Value="True"/>
      </Unit6>
      <Unit7>
        <Filename Value="ULanguage.pas"/>
        <IsPartOfProject Value="True"/>
        <UnitName Value="ULanguage"/>
        <WindowIndex Value="0"/>
        <TopLine Value="1"/>
        <CursorPos X="1" Y="6"/>
        <UsageCount Value="233"/>
      </Unit7>
      <Unit8>
        <Filename Value="ULog.pas"/>
        <IsPartOfProject Value="True"/>
        <UnitName Value="ULog"/>
        <EditorIndex Value="6"/>
        <WindowIndex Value="0"/>
        <TopLine Value="1"/>
        <CursorPos X="1" Y="1"/>
        <UsageCount Value="231"/>
        <Loaded Value="True"/>
      </Unit8>
      <Unit9>
        <Filename Value="version.inc"/>
        <IsPartOfProject Value="True"/>
        <TopLine Value="1"/>
        <CursorPos X="1" Y="1"/>
        <UsageCount Value="230"/>
      </Unit9>
      <Unit10>
        <Filename Value="UPreferenceData.pas"/>
        <IsPartOfProject Value="True"/>
        <UnitName Value="UPreferenceData"/>
        <EditorIndex Value="1"/>
        <WindowIndex Value="0"/>
        <TopLine Value="1"/>
        <CursorPos X="1" Y="354"/>
        <UsageCount Value="206"/>
        <Loaded Value="True"/>
      </Unit10>
      <Unit11>
        <Filename Value="UXMLPreferenceData.pas"/>
        <UnitName Value="UXMLPreferenceData"/>
        <TopLine Value="1"/>
        <CursorPos X="77" Y="5"/>
        <UsageCount Value="94"/>
      </Unit11>
      <Unit12>
        <Filename Value="HeatWizardPanel.lfm"/>
        <TopLine Value="1"/>
        <CursorPos X="1" Y="1"/>
        <UsageCount Value="116"/>
        <Loaded Value="True"/>
        <LoadedDesigner Value="True"/>
      </Unit12>
      <Unit13>
        <Filename Value="UPlatform.pas"/>
        <IsPartOfProject Value="True"/>
        <UnitName Value="UPlatform"/>
        <EditorIndex Value="4"/>
        <WindowIndex Value="0"/>
        <TopLine Value="1"/>
        <CursorPos X="1" Y="1"/>
        <UsageCount Value="207"/>
        <Loaded Value="True"/>
      </Unit13>
      <Unit14>
        <Filename Value="UThermoCouple.pas"/>
        <IsPartOfProject Value="True"/>
        <UnitName Value="UThermoCouple"/>
        <EditorIndex Value="3"/>
        <WindowIndex Value="0"/>
        <TopLine Value="1"/>
        <CursorPos X="21" Y="38"/>
        <FoldState Value=" TL00Np"/>
        <UsageCount Value="201"/>
        <Loaded Value="True"/>
      </Unit14>
      <Unit15>
        <Filename Value="heatwizard.pp"/>
        <IsPartOfProject Value="True"/>
        <UnitName Value="heatwizard"/>
        <TopLine Value="10"/>
        <CursorPos X="46" Y="130"/>
        <UsageCount Value="212"/>
      </Unit15>
      <Unit16>
        <Filename Value="UCommandlineHandler.pas"/>
        <IsPartOfProject Value="True"/>
        <UnitName Value="UCommandlineHandler"/>
        <TopLine Value="124"/>
        <CursorPos X="1" Y="124"/>
        <UsageCount Value="212"/>
      </Unit16>
      <Unit17>
        <Filename Value="UConverter.pas"/>
        <IsPartOfProject Value="True"/>
        <UnitName Value="UConverter"/>
        <EditorIndex Value="7"/>
        <WindowIndex Value="0"/>
        <TopLine Value="1"/>
        <CursorPos X="1" Y="1"/>
        <FoldState Value=" TL00Np"/>
        <UsageCount Value="212"/>
        <Loaded Value="True"/>
      </Unit17>
      <Unit18>
        <Filename Value="Temp2Volt.pas"/>
        <UnitName Value="Temp2Volt"/>
        <TopLine Value="1"/>
        <CursorPos X="73" Y="4"/>
        <UsageCount Value="4"/>
      </Unit18>
      <Unit19>
        <Filename Value="Volt2Temp.pas"/>
        <UnitName Value="Volt2Temp"/>
        <TopLine Value="1"/>
        <CursorPos X="17" Y="9"/>
        <UsageCount Value="3"/>
      </Unit19>
      <Unit20>
        <Filename Value="/sw/share/lazarus/components/codetools/codetoolsstrconsts.pas"/>
        <UnitName Value="CodeToolsStrConsts"/>
        <TopLine Value="270"/>
        <CursorPos X="1" Y="296"/>
        <UsageCount Value="9"/>
      </Unit20>
      <Unit21>
        <Filename Value="Temp2Volt.inc"/>
        <IsPartOfProject Value="True"/>
        <UsageCount Value="22"/>
      </Unit21>
      <Unit22>
        <Filename Value="Parametervariable.inc"/>
        <IsPartOfProject Value="True"/>
        <UsageCount Value="22"/>
      </Unit22>
      <Unit23>
        <Filename Value="Volt2Temp.inc"/>
        <IsPartOfProject Value="True"/>
        <UsageCount Value="22"/>
      </Unit23>
      <Unit24>
        <Filename Value="languages/heatwizard.es.po"/>
        <IsPartOfProject Value="True"/>
        <UsageCount Value="22"/>
        <DefaultSyntaxHighlighter Value="None"/>
      </Unit24>
      <Unit25>
        <Filename Value="languages/heatwizard.fi.po"/>
        <IsPartOfProject Value="True"/>
        <UsageCount Value="22"/>
        <DefaultSyntaxHighlighter Value="None"/>
      </Unit25>
      <Unit26>
        <Filename Value="languages/heatwizard.fr.po"/>
        <IsPartOfProject Value="True"/>
        <UsageCount Value="22"/>
        <DefaultSyntaxHighlighter Value="None"/>
      </Unit26>
      <Unit27>
        <Filename Value="languages/heatwizard.gr.po"/>
        <IsPartOfProject Value="True"/>
        <UsageCount Value="22"/>
        <DefaultSyntaxHighlighter Value="None"/>
      </Unit27>
      <Unit28>
        <Filename Value="languages/heatwizard.it.po"/>
        <IsPartOfProject Value="True"/>
        <UsageCount Value="22"/>
        <DefaultSyntaxHighlighter Value="None"/>
      </Unit28>
    </Units>
    <JumpHistory Count="27" HistoryIndex="26">
      <Position1>
        <Filename Value="UPreferences.pas"/>
        <Caret Line="181" Column="11" TopLine="173"/>
      </Position1>
      <Position2>
        <Filename Value="HeatWizardPanel.pas"/>
        <Caret Line="317" Column="1" TopLine="192"/>
      </Position2>
      <Position3>
        <Filename Value="HeatWizardPanel.pas"/>
        <Caret Line="137" Column="3" TopLine="133"/>
      </Position3>
      <Position4>
        <Filename Value="UPreferences.pas"/>
        <Caret Line="82" Column="17" TopLine="61"/>
      </Position4>
      <Position5>
        <Filename Value="UPreferences.pas"/>
        <Caret Line="84" Column="57" TopLine="71"/>
      </Position5>
      <Position6>
        <Filename Value="UPreferences.pas"/>
        <Caret Line="190" Column="1" TopLine="170"/>
      </Position6>
      <Position7>
        <Filename Value="UPreferences.pas"/>
        <Caret Line="186" Column="36" TopLine="173"/>
      </Position7>
      <Position8>
        <Filename Value="UPreferences.pas"/>
        <Caret Line="195" Column="104" TopLine="177"/>
      </Position8>
      <Position9>
        <Filename Value="HeatWizardPanel.pas"/>
        <Caret Line="276" Column="131" TopLine="268"/>
      </Position9>
      <Position10>
        <Filename Value="HeatWizardPanel.pas"/>
        <Caret Line="277" Column="98" TopLine="253"/>
      </Position10>
      <Position11>
        <Filename Value="HeatWizardPanel.pas"/>
        <Caret Line="117" Column="14" TopLine="99"/>
      </Position11>
      <Position12>
        <Filename Value="UConverter.pas"/>
        <Caret Line="38" Column="5" TopLine="1"/>
      </Position12>
      <Position13>
        <Filename Value="HeatWizardPanel.pas"/>
        <Caret Line="117" Column="5" TopLine="104"/>
      </Position13>
      <Position14>
        <Filename Value="HeatWizardPanel.pas"/>
        <Caret Line="175" Column="3" TopLine="150"/>
      </Position14>
      <Position15>
        <Filename Value="HeatWizardPanel.pas"/>
        <Caret Line="276" Column="9" TopLine="263"/>
      </Position15>
      <Position16>
        <Filename Value="HeatWizardPanel.pas"/>
        <Caret Line="295" Column="3" TopLine="282"/>
      </Position16>
      <Position17>
        <Filename Value="HeatWizardPanel.pas"/>
        <Caret Line="356" Column="3" TopLine="334"/>
      </Position17>
      <Position18>
        <Filename Value="HeatWizardPanel.pas"/>
        <Caret Line="408" Column="6" TopLine="390"/>
      </Position18>
      <Position19>
        <Filename Value="HeatWizardPanel.pas"/>
        <Caret Line="439" Column="5" TopLine="421"/>
      </Position19>
      <Position20>
        <Filename Value="HeatWizardPanel.pas"/>
        <Caret Line="470" Column="4" TopLine="452"/>
      </Position20>
      <Position21>
        <Filename Value="HeatWizardPanel.pas"/>
        <Caret Line="493" Column="6" TopLine="480"/>
      </Position21>
      <Position22>
        <Filename Value="HeatWizardPanel.pas"/>
        <Caret Line="516" Column="3" TopLine="503"/>
      </Position22>
      <Position23>
        <Filename Value="UConverter.pas"/>
        <Caret Line="38" Column="14" TopLine="1"/>
      </Position23>
      <Position24>
        <Filename Value="UPreferences.pas"/>
        <Caret Line="62" Column="1" TopLine="1"/>
      </Position24>
      <Position25>
        <Filename Value="HeatWizardPanel.pas"/>
        <Caret Line="117" Column="3" TopLine="110"/>
      </Position25>
      <Position26>
        <Filename Value="HeatWizardPanel.pas"/>
        <Caret Line="204" Column="1" TopLine="260"/>
      </Position26>
      <Position27>
        <Filename Value="HeatWizardPanel.pas"/>
        <Caret Line="286" Column="124" TopLine="270"/>
      </Position27>
    </JumpHistory>
  </ProjectOptions>
  <CompilerOptions>
    <Version Value="9"/>
    <Target>
      <Filename Value="Heat Wizard"/>
    </Target>
    <SearchPaths>
      <IncludeFiles Value="$(ProjOutDir)"/>
      <OtherUnitFiles Value="$(LazarusDir)/lcl/units/$(TargetCPU)-$(TargetOS)/$(LCLWidgetType);languages"/>
    </SearchPaths>
    <Parsing>
      <SyntaxOptions>
        <UseAnsiStrings Value="False"/>
      </SyntaxOptions>
    </Parsing>
    <CodeGeneration>
      <Checks>
        <IOChecks Value="True"/>
        <RangeChecks Value="True"/>
        <OverflowChecks Value="True"/>
        <StackChecks Value="True"/>
      </Checks>
      <VerifyObjMethodCallValidity Value="True"/>
      <Optimizations>
        <OptimizationLevel Value="0"/>
      </Optimizations>
    </CodeGeneration>
    <Linking>
      <Debugging>
        <GenerateDebugInfo Value="True"/>
        <GenerateDwarf Value="True"/>
      </Debugging>
      <Options>
        <Win32>
          <GraphicApplication Value="True"/>
        </Win32>
      </Options>
    </Linking>
    <Other>
      <Verbosity>
        <ShowGenInfo Value="False"/>
        <ShoLineNum Value="True"/>
      </Verbosity>
      <WriteFPCLogo Value="False"/>
      <ConfigFile>
        <StopAfterErrCount Value="5"/>
      </ConfigFile>
      <CompilerMessages>
        <UseMsgFile Value="True"/>
      </CompilerMessages>
      <CompilerPath Value="$(CompPath)"/>
    </Other>
  </CompilerOptions>
  <Debugging>
    <Exceptions Count="3">
      <Item1>
        <Name Value="EAbort"/>
      </Item1>
      <Item2>
        <Name Value="ECodetoolError"/>
      </Item2>
      <Item3>
        <Name Value="EFOpenError"/>
      </Item3>
    </Exceptions>
  </Debugging>
</CONFIG>
